
Microsoft Visual Studio Solution File, Format Version 12.00
# Visual Studio Version 16
VisualStudioVersion = 16.0.28621.142
MinimumVisualStudioVersion = 10.0.40219.1
Project("{FAE04EC0-301F-11D3-BF4B-00C04F79EFBC}") = "IActivationForViewFetcherBug", "IActivationForViewFetcherBug\IActivationForViewFetcherBug.csproj", "{034879E8-91E9-464B-AF70-6139C7230736}"
EndProject
Global
	GlobalSection(SolutionConfigurationPlatforms) = preSolution
		Debug|Any CPU = Debug|Any CPU
		Release|Any CPU = Release|Any CPU
	EndGlobalSection
	GlobalSection(ProjectConfigurationPlatforms) = postSolution
		{034879E8-91E9-464B-AF70-6139C7230736}.Debug|Any CPU.ActiveCfg = Debug|Any CPU
		{034879E8-91E9-464B-AF70-6139C7230736}.Debug|Any CPU.Build.0 = Debug|Any CPU
		{034879E8-91E9-464B-AF70-6139C7230736}.Release|Any CPU.ActiveCfg = Release|Any CPU
		{034879E8-91E9-464B-AF70-6139C7230736}.Release|Any CPU.Build.0 = Release|Any CPU
	EndGlobalSection
	GlobalSection(SolutionProperties) = preSolution
		HideSolutionNode = FALSE
	EndGlobalSection
	GlobalSection(ExtensibilityGlobals) = postSolution
		SolutionGuid = {90C9B698-EAA2-4EAD-9118-CAA905575767}
	EndGlobalSection
EndGlobal
